
Microsoft Visual Studio Solution File, Format Version 12.00
# Visual Studio Version 17
VisualStudioVersion = 17.3.32819.101
MinimumVisualStudioVersion = 10.0.40219.1
Project("{9A19103F-16F7-4668-BE54-9A1E7A4F7556}") = "TGTG-Portal", "SSWF_Project\TGTG-Portal.csproj", "{33B96E2D-C908-4037-8CFE-E2C35A5E79CC}"
EndProject
Project("{2150E333-8FDC-42A3-9474-1A3956D46DE8}") = "Core", "Core", "{55362F49-D16F-4662-9160-AE1FD41E1B05}"
EndProject
Project("{2150E333-8FDC-42A3-9474-1A3956D46DE8}") = "Infrastructure", "Infrastructure", "{AD85C1A7-0296-4A82-9A54-11C8974B6AAC}"
EndProject
Project("{2150E333-8FDC-42A3-9474-1A3956D46DE8}") = "UI", "UI", "{5521BC81-2A50-4F4B-8605-00F547D7F50A}"
EndProject
Project("{9A19103F-16F7-4668-BE54-9A1E7A4F7556}") = "Domain", "Domain\Domain.csproj", "{563D01B1-A19C-40AC-8929-A40FE9BBDFBF}"
EndProject
Project("{9A19103F-16F7-4668-BE54-9A1E7A4F7556}") = "DomainServices", "DomainServices\DomainServices.csproj", "{AC27E62B-29EB-4D30-9555-AC5DF26F0A60}"
EndProject
Project("{9A19103F-16F7-4668-BE54-9A1E7A4F7556}") = "Domain.Tests", "Domain.Tests\Domain.Tests.csproj", "{CF1B09DE-CD30-48B9-9A22-B8FE841E3DCC}"
EndProject
Project("{9A19103F-16F7-4668-BE54-9A1E7A4F7556}") = "DomainServices.Tests", "DomainServices.Tests\DomainServices.Tests.csproj", "{079EDAB5-860D-454D-B9B3-E7BF9F746E31}"
EndProject
Project("{9A19103F-16F7-4668-BE54-9A1E7A4F7556}") = "TGTG-Portal.Tests", "Portal.Tests\TGTG-Portal.Tests.csproj", "{E84701A0-DC54-4A63-AC8A-60D4EE11BB56}"
EndProject
Project("{9A19103F-16F7-4668-BE54-9A1E7A4F7556}") = "TGTG_EF", "EF\TGTG_EF.csproj", "{F44CD147-B683-4C59-896A-91F2B994A89B}"
EndProject
Project("{9A19103F-16F7-4668-BE54-9A1E7A4F7556}") = "TGTG_EF.Tests", "EF.Tests\TGTG_EF.Tests.csproj", "{BD16BE96-DAF1-4C38-9ECC-9637508AFD9F}"
EndProject
Global
	GlobalSection(SolutionConfigurationPlatforms) = preSolution
		Debug|Any CPU = Debug|Any CPU
		Release|Any CPU = Release|Any CPU
	EndGlobalSection
	GlobalSection(ProjectConfigurationPlatforms) = postSolution
		{33B96E2D-C908-4037-8CFE-E2C35A5E79CC}.Debug|Any CPU.ActiveCfg = Debug|Any CPU
		{33B96E2D-C908-4037-8CFE-E2C35A5E79CC}.Debug|Any CPU.Build.0 = Debug|Any CPU
		{33B96E2D-C908-4037-8CFE-E2C35A5E79CC}.Release|Any CPU.ActiveCfg = Release|Any CPU
		{33B96E2D-C908-4037-8CFE-E2C35A5E79CC}.Release|Any CPU.Build.0 = Release|Any CPU
		{563D01B1-A19C-40AC-8929-A40FE9BBDFBF}.Debug|Any CPU.ActiveCfg = Debug|Any CPU
		{563D01B1-A19C-40AC-8929-A40FE9BBDFBF}.Debug|Any CPU.Build.0 = Debug|Any CPU
		{563D01B1-A19C-40AC-8929-A40FE9BBDFBF}.Release|Any CPU.ActiveCfg = Release|Any CPU
		{563D01B1-A19C-40AC-8929-A40FE9BBDFBF}.Release|Any CPU.Build.0 = Release|Any CPU
		{AC27E62B-29EB-4D30-9555-AC5DF26F0A60}.Debug|Any CPU.ActiveCfg = Debug|Any CPU
		{AC27E62B-29EB-4D30-9555-AC5DF26F0A60}.Debug|Any CPU.Build.0 = Debug|Any CPU
		{AC27E62B-29EB-4D30-9555-AC5DF26F0A60}.Release|Any CPU.ActiveCfg = Release|Any CPU
		{AC27E62B-29EB-4D30-9555-AC5DF26F0A60}.Release|Any CPU.Build.0 = Release|Any CPU
		{CF1B09DE-CD30-48B9-9A22-B8FE841E3DCC}.Debug|Any CPU.ActiveCfg = Debug|Any CPU
		{CF1B09DE-CD30-48B9-9A22-B8FE841E3DCC}.Debug|Any CPU.Build.0 = Debug|Any CPU
		{CF1B09DE-CD30-48B9-9A22-B8FE841E3DCC}.Release|Any CPU.ActiveCfg = Release|Any CPU
		{CF1B09DE-CD30-48B9-9A22-B8FE841E3DCC}.Release|Any CPU.Build.0 = Release|Any CPU
		{079EDAB5-860D-454D-B9B3-E7BF9F746E31}.Debug|Any CPU.ActiveCfg = Debug|Any CPU
		{079EDAB5-860D-454D-B9B3-E7BF9F746E31}.Debug|Any CPU.Build.0 = Debug|Any CPU
		{079EDAB5-860D-454D-B9B3-E7BF9F746E31}.Release|Any CPU.ActiveCfg = Release|Any CPU
		{079EDAB5-860D-454D-B9B3-E7BF9F746E31}.Release|Any CPU.Build.0 = Release|Any CPU
		{E84701A0-DC54-4A63-AC8A-60D4EE11BB56}.Debug|Any CPU.ActiveCfg = Debug|Any CPU
		{E84701A0-DC54-4A63-AC8A-60D4EE11BB56}.Debug|Any CPU.Build.0 = Debug|Any CPU
		{E84701A0-DC54-4A63-AC8A-60D4EE11BB56}.Release|Any CPU.ActiveCfg = Release|Any CPU
		{E84701A0-DC54-4A63-AC8A-60D4EE11BB56}.Release|Any CPU.Build.0 = Release|Any CPU
		{F44CD147-B683-4C59-896A-91F2B994A89B}.Debug|Any CPU.ActiveCfg = Debug|Any CPU
		{F44CD147-B683-4C59-896A-91F2B994A89B}.Debug|Any CPU.Build.0 = Debug|Any CPU
		{F44CD147-B683-4C59-896A-91F2B994A89B}.Release|Any CPU.ActiveCfg = Release|Any CPU
		{F44CD147-B683-4C59-896A-91F2B994A89B}.Release|Any CPU.Build.0 = Release|Any CPU
		{BD16BE96-DAF1-4C38-9ECC-9637508AFD9F}.Debug|Any CPU.ActiveCfg = Debug|Any CPU
		{BD16BE96-DAF1-4C38-9ECC-9637508AFD9F}.Debug|Any CPU.Build.0 = Debug|Any CPU
		{BD16BE96-DAF1-4C38-9ECC-9637508AFD9F}.Release|Any CPU.ActiveCfg = Release|Any CPU
		{BD16BE96-DAF1-4C38-9ECC-9637508AFD9F}.Release|Any CPU.Build.0 = Release|Any CPU
	EndGlobalSection
	GlobalSection(SolutionProperties) = preSolution
		HideSolutionNode = FALSE
	EndGlobalSection
	GlobalSection(NestedProjects) = preSolution
		{33B96E2D-C908-4037-8CFE-E2C35A5E79CC} = {5521BC81-2A50-4F4B-8605-00F547D7F50A}
		{563D01B1-A19C-40AC-8929-A40FE9BBDFBF} = {55362F49-D16F-4662-9160-AE1FD41E1B05}
		{AC27E62B-29EB-4D30-9555-AC5DF26F0A60} = {55362F49-D16F-4662-9160-AE1FD41E1B05}
		{CF1B09DE-CD30-48B9-9A22-B8FE841E3DCC} = {55362F49-D16F-4662-9160-AE1FD41E1B05}
		{079EDAB5-860D-454D-B9B3-E7BF9F746E31} = {55362F49-D16F-4662-9160-AE1FD41E1B05}
		{E84701A0-DC54-4A63-AC8A-60D4EE11BB56} = {5521BC81-2A50-4F4B-8605-00F547D7F50A}
		{F44CD147-B683-4C59-896A-91F2B994A89B} = {AD85C1A7-0296-4A82-9A54-11C8974B6AAC}
		{BD16BE96-DAF1-4C38-9ECC-9637508AFD9F} = {AD85C1A7-0296-4A82-9A54-11C8974B6AAC}
	EndGlobalSection
	GlobalSection(ExtensibilityGlobals) = postSolution
		SolutionGuid = {DC5886BD-EFE8-48AE-A0C2-9C46F8166A33}
	EndGlobalSection
EndGlobal
